
Microsoft Visual Studio Solution File, Format Version 12.00
# Visual Studio Version 16
VisualStudioVersion = 16.0.29411.108
MinimumVisualStudioVersion = 10.0.40219.1
Project("{FAE04EC0-301F-11D3-BF4B-00C04F79EFBC}") = "TravelRecordApp.Android", "TravelRecordApp\TravelRecordApp.Android\TravelRecordApp.Android.csproj", "{423C6AA1-0F79-43F7-80AA-2B2BFFCB6166}"
EndProject
Project("{FAE04EC0-301F-11D3-BF4B-00C04F79EFBC}") = "TravelRecordApp.iOS", "TravelRecordApp\TravelRecordApp.iOS\TravelRecordApp.iOS.csproj", "{EC9C1207-237B-4B6C-BDD3-29389E604F8B}"
EndProject
Project("{9A19103F-16F7-4668-BE54-9A1E7A4F7556}") = "TravelRecordApp", "TravelRecordApp\TravelRecordApp\TravelRecordApp.csproj", "{3464D3E0-83E8-44A2-BC1A-F248D293931C}"
EndProject
Global
	GlobalSection(SolutionConfigurationPlatforms) = preSolution
		Ad-Hoc|Any CPU = Ad-Hoc|Any CPU
		Ad-Hoc|ARM = Ad-Hoc|ARM
		Ad-Hoc|iPhone = Ad-Hoc|iPhone
		Ad-Hoc|iPhoneSimulator = Ad-Hoc|iPhoneSimulator
		Ad-Hoc|x64 = Ad-Hoc|x64
		Ad-Hoc|x86 = Ad-Hoc|x86
		AppStore|Any CPU = AppStore|Any CPU
		AppStore|ARM = AppStore|ARM
		AppStore|iPhone = AppStore|iPhone
		AppStore|iPhoneSimulator = AppStore|iPhoneSimulator
		AppStore|x64 = AppStore|x64
		AppStore|x86 = AppStore|x86
		Debug|Any CPU = Debug|Any CPU
		Debug|ARM = Debug|ARM
		Debug|iPhone = Debug|iPhone
		Debug|iPhoneSimulator = Debug|iPhoneSimulator
		Debug|x64 = Debug|x64
		Debug|x86 = Debug|x86
		Release|Any CPU = Release|Any CPU
		Release|ARM = Release|ARM
		Release|iPhone = Release|iPhone
		Release|iPhoneSimulator = Release|iPhoneSimulator
		Release|x64 = Release|x64
		Release|x86 = Release|x86
	EndGlobalSection
	GlobalSection(ProjectConfigurationPlatforms) = postSolution
		{423C6AA1-0F79-43F7-80AA-2B2BFFCB6166}.Ad-Hoc|Any CPU.ActiveCfg = Release|Any CPU
		{423C6AA1-0F79-43F7-80AA-2B2BFFCB6166}.Ad-Hoc|Any CPU.Build.0 = Release|Any CPU
		{423C6AA1-0F79-43F7-80AA-2B2BFFCB6166}.Ad-Hoc|Any CPU.Deploy.0 = Release|Any CPU
		{423C6AA1-0F79-43F7-80AA-2B2BFFCB6166}.Ad-Hoc|ARM.ActiveCfg = Release|Any CPU
		{423C6AA1-0F79-43F7-80AA-2B2BFFCB6166}.Ad-Hoc|ARM.Build.0 = Release|Any CPU
		{423C6AA1-0F79-43F7-80AA-2B2BFFCB6166}.Ad-Hoc|ARM.Deploy.0 = Release|Any CPU
		{423C6AA1-0F79-43F7-80AA-2B2BFFCB6166}.Ad-Hoc|iPhone.ActiveCfg = Release|Any CPU
		{423C6AA1-0F79-43F7-80AA-2B2BFFCB6166}.Ad-Hoc|iPhone.Build.0 = Release|Any CPU
		{423C6AA1-0F79-43F7-80AA-2B2BFFCB6166}.Ad-Hoc|iPhone.Deploy.0 = Release|Any CPU
		{423C6AA1-0F79-43F7-80AA-2B2BFFCB6166}.Ad-Hoc|iPhoneSimulator.ActiveCfg = Release|Any CPU
		{423C6AA1-0F79-43F7-80AA-2B2BFFCB6166}.Ad-Hoc|iPhoneSimulator.Build.0 = Release|Any CPU
		{423C6AA1-0F79-43F7-80AA-2B2BFFCB6166}.Ad-Hoc|iPhoneSimulator.Deploy.0 = Release|Any CPU
		{423C6AA1-0F79-43F7-80AA-2B2BFFCB6166}.Ad-Hoc|x64.ActiveCfg = Release|Any CPU
		{423C6AA1-0F79-43F7-80AA-2B2BFFCB6166}.Ad-Hoc|x64.Build.0 = Release|Any CPU
		{423C6AA1-0F79-43F7-80AA-2B2BFFCB6166}.Ad-Hoc|x64.Deploy.0 = Release|Any CPU
		{423C6AA1-0F79-43F7-80AA-2B2BFFCB6166}.Ad-Hoc|x86.ActiveCfg = Release|Any CPU
		{423C6AA1-0F79-43F7-80AA-2B2BFFCB6166}.Ad-Hoc|x86.Build.0 = Release|Any CPU
		{423C6AA1-0F79-43F7-80AA-2B2BFFCB6166}.Ad-Hoc|x86.Deploy.0 = Release|Any CPU
		{423C6AA1-0F79-43F7-80AA-2B2BFFCB6166}.AppStore|Any CPU.ActiveCfg = Release|Any CPU
		{423C6AA1-0F79-43F7-80AA-2B2BFFCB6166}.AppStore|Any CPU.Build.0 = Release|Any CPU
		{423C6AA1-0F79-43F7-80AA-2B2BFFCB6166}.AppStore|Any CPU.Deploy.0 = Release|Any CPU
		{423C6AA1-0F79-43F7-80AA-2B2BFFCB6166}.AppStore|ARM.ActiveCfg = Release|Any CPU
		{423C6AA1-0F79-43F7-80AA-2B2BFFCB6166}.AppStore|ARM.Build.0 = Release|Any CPU
		{423C6AA1-0F79-43F7-80AA-2B2BFFCB6166}.AppStore|ARM.Deploy.0 = Release|Any CPU
		{423C6AA1-0F79-43F7-80AA-2B2BFFCB6166}.AppStore|iPhone.ActiveCfg = Release|Any CPU
		{423C6AA1-0F79-43F7-80AA-2B2BFFCB6166}.AppStore|iPhone.Build.0 = Release|Any CPU
		{423C6AA1-0F79-43F7-80AA-2B2BFFCB6166}.AppStore|iPhone.Deploy.0 = Release|Any CPU
		{423C6AA1-0F79-43F7-80AA-2B2BFFCB6166}.AppStore|iPhoneSimulator.ActiveCfg = Release|Any CPU
		{423C6AA1-0F79-43F7-80AA-2B2BFFCB6166}.AppStore|iPhoneSimulator.Build.0 = Release|Any CPU
		{423C6AA1-0F79-43F7-80AA-2B2BFFCB6166}.AppStore|iPhoneSimulator.Deploy.0 = Release|Any CPU
		{423C6AA1-0F79-43F7-80AA-2B2BFFCB6166}.AppStore|x64.ActiveCfg = Release|Any CPU
		{423C6AA1-0F79-43F7-80AA-2B2BFFCB6166}.AppStore|x64.Build.0 = Release|Any CPU
		{423C6AA1-0F79-43F7-80AA-2B2BFFCB6166}.AppStore|x64.Deploy.0 = Release|Any CPU
		{423C6AA1-0F79-43F7-80AA-2B2BFFCB6166}.AppStore|x86.ActiveCfg = Release|Any CPU
		{423C6AA1-0F79-43F7-80AA-2B2BFFCB6166}.AppStore|x86.Build.0 = Release|Any CPU
		{423C6AA1-0F79-43F7-80AA-2B2BFFCB6166}.AppStore|x86.Deploy.0 = Release|Any CPU
		{423C6AA1-0F79-43F7-80AA-2B2BFFCB6166}.Debug|Any CPU.ActiveCfg = Debug|Any CPU
		{423C6AA1-0F79-43F7-80AA-2B2BFFCB6166}.Debug|Any CPU.Build.0 = Debug|Any CPU
		{423C6AA1-0F79-43F7-80AA-2B2BFFCB6166}.Debug|Any CPU.Deploy.0 = Debug|Any CPU
		{423C6AA1-0F79-43F7-80AA-2B2BFFCB6166}.Debug|ARM.ActiveCfg = Debug|Any CPU
		{423C6AA1-0F79-43F7-80AA-2B2BFFCB6166}.Debug|ARM.Build.0 = Debug|Any CPU
		{423C6AA1-0F79-43F7-80AA-2B2BFFCB6166}.Debug|ARM.Deploy.0 = Debug|Any CPU
		{423C6AA1-0F79-43F7-80AA-2B2BFFCB6166}.Debug|iPhone.ActiveCfg = Debug|Any CPU
		{423C6AA1-0F79-43F7-80AA-2B2BFFCB6166}.Debug|iPhone.Build.0 = Debug|Any CPU
		{423C6AA1-0F79-43F7-80AA-2B2BFFCB6166}.Debug|iPhone.Deploy.0 = Debug|Any CPU
		{423C6AA1-0F79-43F7-80AA-2B2BFFCB6166}.Debug|iPhoneSimulator.ActiveCfg = Debug|Any CPU
		{423C6AA1-0F79-43F7-80AA-2B2BFFCB6166}.Debug|iPhoneSimulator.Build.0 = Debug|Any CPU
		{423C6AA1-0F79-43F7-80AA-2B2BFFCB6166}.Debug|iPhoneSimulator.Deploy.0 = Debug|Any CPU
		{423C6AA1-0F79-43F7-80AA-2B2BFFCB6166}.Debug|x64.ActiveCfg = Debug|Any CPU
		{423C6AA1-0F79-43F7-80AA-2B2BFFCB6166}.Debug|x64.Build.0 = Debug|Any CPU
		{423C6AA1-0F79-43F7-80AA-2B2BFFCB6166}.Debug|x64.Deploy.0 = Debug|Any CPU
		{423C6AA1-0F79-43F7-80AA-2B2BFFCB6166}.Debug|x86.ActiveCfg = Debug|Any CPU
		{423C6AA1-0F79-43F7-80AA-2B2BFFCB6166}.Debug|x86.Build.0 = Debug|Any CPU
		{423C6AA1-0F79-43F7-80AA-2B2BFFCB6166}.Debug|x86.Deploy.0 = Debug|Any CPU
		{423C6AA1-0F79-43F7-80AA-2B2BFFCB6166}.Release|Any CPU.ActiveCfg = Release|Any CPU
		{423C6AA1-0F79-43F7-80AA-2B2BFFCB6166}.Release|Any CPU.Build.0 = Release|Any CPU
		{423C6AA1-0F79-43F7-80AA-2B2BFFCB6166}.Release|Any CPU.Deploy.0 = Release|Any CPU
		{423C6AA1-0F79-43F7-80AA-2B2BFFCB6166}.Release|ARM.ActiveCfg = Release|Any CPU
		{423C6AA1-0F79-43F7-80AA-2B2BFFCB6166}.Release|ARM.Build.0 = Release|Any CPU
		{423C6AA1-0F79-43F7-80AA-2B2BFFCB6166}.Release|ARM.Deploy.0 = Release|Any CPU
		{423C6AA1-0F79-43F7-80AA-2B2BFFCB6166}.Release|iPhone.ActiveCfg = Release|Any CPU
		{423C6AA1-0F79-43F7-80AA-2B2BFFCB6166}.Release|iPhone.Build.0 = Release|Any CPU
		{423C6AA1-0F79-43F7-80AA-2B2BFFCB6166}.Release|iPhone.Deploy.0 = Release|Any CPU
		{423C6AA1-0F79-43F7-80AA-2B2BFFCB6166}.Release|iPhoneSimulator.ActiveCfg = Release|Any CPU
		{423C6AA1-0F79-43F7-80AA-2B2BFFCB6166}.Release|iPhoneSimulator.Build.0 = Release|Any CPU
		{423C6AA1-0F79-43F7-80AA-2B2BFFCB6166}.Release|iPhoneSimulator.Deploy.0 = Release|Any CPU
		{423C6AA1-0F79-43F7-80AA-2B2BFFCB6166}.Release|x64.ActiveCfg = Release|Any CPU
		{423C6AA1-0F79-43F7-80AA-2B2BFFCB6166}.Release|x64.Build.0 = Release|Any CPU
		{423C6AA1-0F79-43F7-80AA-2B2BFFCB6166}.Release|x64.Deploy.0 = Release|Any CPU
		{423C6AA1-0F79-43F7-80AA-2B2BFFCB6166}.Release|x86.ActiveCfg = Release|Any CPU
		{423C6AA1-0F79-43F7-80AA-2B2BFFCB6166}.Release|x86.Build.0 = Release|Any CPU
		{423C6AA1-0F79-43F7-80AA-2B2BFFCB6166}.Release|x86.Deploy.0 = Release|Any CPU
		{EC9C1207-237B-4B6C-BDD3-29389E604F8B}.Ad-Hoc|Any CPU.ActiveCfg = Ad-Hoc|iPhone
		{EC9C1207-237B-4B6C-BDD3-29389E604F8B}.Ad-Hoc|Any CPU.Build.0 = Ad-Hoc|iPhone
		{EC9C1207-237B-4B6C-BDD3-29389E604F8B}.Ad-Hoc|Any CPU.Deploy.0 = Ad-Hoc|iPhone
		{EC9C1207-237B-4B6C-BDD3-29389E604F8B}.Ad-Hoc|ARM.ActiveCfg = Ad-Hoc|iPhone
		{EC9C1207-237B-4B6C-BDD3-29389E604F8B}.Ad-Hoc|ARM.Build.0 = Ad-Hoc|iPhone
		{EC9C1207-237B-4B6C-BDD3-29389E604F8B}.Ad-Hoc|ARM.Deploy.0 = Ad-Hoc|iPhone
		{EC9C1207-237B-4B6C-BDD3-29389E604F8B}.Ad-Hoc|iPhone.ActiveCfg = Ad-Hoc|iPhone
		{EC9C1207-237B-4B6C-BDD3-29389E604F8B}.Ad-Hoc|iPhone.Build.0 = Ad-Hoc|iPhone
		{EC9C1207-237B-4B6C-BDD3-29389E604F8B}.Ad-Hoc|iPhone.Deploy.0 = Ad-Hoc|iPhone
		{EC9C1207-237B-4B6C-BDD3-29389E604F8B}.Ad-Hoc|iPhoneSimulator.ActiveCfg = Ad-Hoc|iPhoneSimulator
		{EC9C1207-237B-4B6C-BDD3-29389E604F8B}.Ad-Hoc|iPhoneSimulator.Build.0 = Ad-Hoc|iPhoneSimulator
		{EC9C1207-237B-4B6C-BDD3-29389E604F8B}.Ad-Hoc|iPhoneSimulator.Deploy.0 = Ad-Hoc|iPhoneSimulator
		{EC9C1207-237B-4B6C-BDD3-29389E604F8B}.Ad-Hoc|x64.ActiveCfg = Ad-Hoc|iPhone
		{EC9C1207-237B-4B6C-BDD3-29389E604F8B}.Ad-Hoc|x64.Build.0 = Ad-Hoc|iPhone
		{EC9C1207-237B-4B6C-BDD3-29389E604F8B}.Ad-Hoc|x64.Deploy.0 = Ad-Hoc|iPhone
		{EC9C1207-237B-4B6C-BDD3-29389E604F8B}.Ad-Hoc|x86.ActiveCfg = Ad-Hoc|iPhone
		{EC9C1207-237B-4B6C-BDD3-29389E604F8B}.Ad-Hoc|x86.Build.0 = Ad-Hoc|iPhone
		{EC9C1207-237B-4B6C-BDD3-29389E604F8B}.Ad-Hoc|x86.Deploy.0 = Ad-Hoc|iPhone
		{EC9C1207-237B-4B6C-BDD3-29389E604F8B}.AppStore|Any CPU.ActiveCfg = AppStore|iPhone
		{EC9C1207-237B-4B6C-BDD3-29389E604F8B}.AppStore|Any CPU.Build.0 = AppStore|iPhone
		{EC9C1207-237B-4B6C-BDD3-29389E604F8B}.AppStore|Any CPU.Deploy.0 = AppStore|iPhone
		{EC9C1207-237B-4B6C-BDD3-29389E604F8B}.AppStore|ARM.ActiveCfg = AppStore|iPhone
		{EC9C1207-237B-4B6C-BDD3-29389E604F8B}.AppStore|ARM.Build.0 = AppStore|iPhone
		{EC9C1207-237B-4B6C-BDD3-29389E604F8B}.AppStore|ARM.Deploy.0 = AppStore|iPhone
		{EC9C1207-237B-4B6C-BDD3-29389E604F8B}.AppStore|iPhone.ActiveCfg = AppStore|iPhone
		{EC9C1207-237B-4B6C-BDD3-29389E604F8B}.AppStore|iPhone.Build.0 = AppStore|iPhone
		{EC9C1207-237B-4B6C-BDD3-29389E604F8B}.AppStore|iPhone.Deploy.0 = AppStore|iPhone
		{EC9C1207-237B-4B6C-BDD3-29389E604F8B}.AppStore|iPhoneSimulator.ActiveCfg = AppStore|iPhoneSimulator
		{EC9C1207-237B-4B6C-BDD3-29389E604F8B}.AppStore|iPhoneSimulator.Build.0 = AppStore|iPhoneSimulator
		{EC9C1207-237B-4B6C-BDD3-29389E604F8B}.AppStore|iPhoneSimulator.Deploy.0 = AppStore|iPhoneSimulator
		{EC9C1207-237B-4B6C-BDD3-29389E604F8B}.AppStore|x64.ActiveCfg = AppStore|iPhone
		{EC9C1207-237B-4B6C-BDD3-29389E604F8B}.AppStore|x64.Build.0 = AppStore|iPhone
		{EC9C1207-237B-4B6C-BDD3-29389E604F8B}.AppStore|x64.Deploy.0 = AppStore|iPhone
		{EC9C1207-237B-4B6C-BDD3-29389E604F8B}.AppStore|x86.ActiveCfg = AppStore|iPhone
		{EC9C1207-237B-4B6C-BDD3-29389E604F8B}.AppStore|x86.Build.0 = AppStore|iPhone
		{EC9C1207-237B-4B6C-BDD3-29389E604F8B}.AppStore|x86.Deploy.0 = AppStore|iPhone
		{EC9C1207-237B-4B6C-BDD3-29389E604F8B}.Debug|Any CPU.ActiveCfg = Debug|iPhoneSimulator
		{EC9C1207-237B-4B6C-BDD3-29389E604F8B}.Debug|Any CPU.Build.0 = Debug|iPhoneSimulator
		{EC9C1207-237B-4B6C-BDD3-29389E604F8B}.Debug|Any CPU.Deploy.0 = Debug|iPhoneSimulator
		{EC9C1207-237B-4B6C-BDD3-29389E604F8B}.Debug|ARM.ActiveCfg = Debug|iPhone
		{EC9C1207-237B-4B6C-BDD3-29389E604F8B}.Debug|ARM.Build.0 = Debug|iPhone
		{EC9C1207-237B-4B6C-BDD3-29389E604F8B}.Debug|ARM.Deploy.0 = Debug|iPhone
		{EC9C1207-237B-4B6C-BDD3-29389E604F8B}.Debug|iPhone.ActiveCfg = Debug|iPhone
		{EC9C1207-237B-4B6C-BDD3-29389E604F8B}.Debug|iPhone.Build.0 = Debug|iPhone
		{EC9C1207-237B-4B6C-BDD3-29389E604F8B}.Debug|iPhone.Deploy.0 = Debug|iPhone
		{EC9C1207-237B-4B6C-BDD3-29389E604F8B}.Debug|iPhoneSimulator.ActiveCfg = Debug|iPhoneSimulator
		{EC9C1207-237B-4B6C-BDD3-29389E604F8B}.Debug|iPhoneSimulator.Build.0 = Debug|iPhoneSimulator
		{EC9C1207-237B-4B6C-BDD3-29389E604F8B}.Debug|iPhoneSimulator.Deploy.0 = Debug|iPhoneSimulator
		{EC9C1207-237B-4B6C-BDD3-29389E604F8B}.Debug|x64.ActiveCfg = Debug|iPhone
		{EC9C1207-237B-4B6C-BDD3-29389E604F8B}.Debug|x64.Build.0 = Debug|iPhone
		{EC9C1207-237B-4B6C-BDD3-29389E604F8B}.Debug|x64.Deploy.0 = Debug|iPhone
		{EC9C1207-237B-4B6C-BDD3-29389E604F8B}.Debug|x86.ActiveCfg = Debug|iPhone
		{EC9C1207-237B-4B6C-BDD3-29389E604F8B}.Debug|x86.Build.0 = Debug|iPhone
		{EC9C1207-237B-4B6C-BDD3-29389E604F8B}.Debug|x86.Deploy.0 = Debug|iPhone
		{EC9C1207-237B-4B6C-BDD3-29389E604F8B}.Release|Any CPU.ActiveCfg = Release|iPhone
		{EC9C1207-237B-4B6C-BDD3-29389E604F8B}.Release|Any CPU.Build.0 = Release|iPhone
		{EC9C1207-237B-4B6C-BDD3-29389E604F8B}.Release|Any CPU.Deploy.0 = Release|iPhone
		{EC9C1207-237B-4B6C-BDD3-29389E604F8B}.Release|ARM.ActiveCfg = Release|iPhone
		{EC9C1207-237B-4B6C-BDD3-29389E604F8B}.Release|ARM.Build.0 = Release|iPhone
		{EC9C1207-237B-4B6C-BDD3-29389E604F8B}.Release|ARM.Deploy.0 = Release|iPhone
		{EC9C1207-237B-4B6C-BDD3-29389E604F8B}.Release|iPhone.ActiveCfg = Release|iPhone
		{EC9C1207-237B-4B6C-BDD3-29389E604F8B}.Release|iPhone.Build.0 = Release|iPhone
		{EC9C1207-237B-4B6C-BDD3-29389E604F8B}.Release|iPhone.Deploy.0 = Release|iPhone
		{EC9C1207-237B-4B6C-BDD3-29389E604F8B}.Release|iPhoneSimulator.ActiveCfg = Release|iPhoneSimulator
		{EC9C1207-237B-4B6C-BDD3-29389E604F8B}.Release|iPhoneSimulator.Build.0 = Release|iPhoneSimulator
		{EC9C1207-237B-4B6C-BDD3-29389E604F8B}.Release|iPhoneSimulator.Deploy.0 = Release|iPhoneSimulator
		{EC9C1207-237B-4B6C-BDD3-29389E604F8B}.Release|x64.ActiveCfg = Release|iPhone
		{EC9C1207-237B-4B6C-BDD3-29389E604F8B}.Release|x64.Build.0 = Release|iPhone
		{EC9C1207-237B-4B6C-BDD3-29389E604F8B}.Release|x64.Deploy.0 = Release|iPhone
		{EC9C1207-237B-4B6C-BDD3-29389E604F8B}.Release|x86.ActiveCfg = Release|iPhone
		{EC9C1207-237B-4B6C-BDD3-29389E604F8B}.Release|x86.Build.0 = Release|iPhone
		{EC9C1207-237B-4B6C-BDD3-29389E604F8B}.Release|x86.Deploy.0 = Release|iPhone
		{3464D3E0-83E8-44A2-BC1A-F248D293931C}.Ad-Hoc|Any CPU.ActiveCfg = Debug|Any CPU
		{3464D3E0-83E8-44A2-BC1A-F248D293931C}.Ad-Hoc|Any CPU.Build.0 = Debug|Any CPU
		{3464D3E0-83E8-44A2-BC1A-F248D293931C}.Ad-Hoc|Any CPU.Deploy.0 = Debug|Any CPU
		{3464D3E0-83E8-44A2-BC1A-F248D293931C}.Ad-Hoc|ARM.ActiveCfg = Debug|Any CPU
		{3464D3E0-83E8-44A2-BC1A-F248D293931C}.Ad-Hoc|ARM.Build.0 = Debug|Any CPU
		{3464D3E0-83E8-44A2-BC1A-F248D293931C}.Ad-Hoc|ARM.Deploy.0 = Debug|Any CPU
		{3464D3E0-83E8-44A2-BC1A-F248D293931C}.Ad-Hoc|iPhone.ActiveCfg = Debug|Any CPU
		{3464D3E0-83E8-44A2-BC1A-F248D293931C}.Ad-Hoc|iPhone.Build.0 = Debug|Any CPU
		{3464D3E0-83E8-44A2-BC1A-F248D293931C}.Ad-Hoc|iPhone.Deploy.0 = Debug|Any CPU
		{3464D3E0-83E8-44A2-BC1A-F248D293931C}.Ad-Hoc|iPhoneSimulator.ActiveCfg = Debug|Any CPU
		{3464D3E0-83E8-44A2-BC1A-F248D293931C}.Ad-Hoc|iPhoneSimulator.Build.0 = Debug|Any CPU
		{3464D3E0-83E8-44A2-BC1A-F248D293931C}.Ad-Hoc|iPhoneSimulator.Deploy.0 = Debug|Any CPU
		{3464D3E0-83E8-44A2-BC1A-F248D293931C}.Ad-Hoc|x64.ActiveCfg = Debug|Any CPU
		{3464D3E0-83E8-44A2-BC1A-F248D293931C}.Ad-Hoc|x64.Build.0 = Debug|Any CPU
		{3464D3E0-83E8-44A2-BC1A-F248D293931C}.Ad-Hoc|x64.Deploy.0 = Debug|Any CPU
		{3464D3E0-83E8-44A2-BC1A-F248D293931C}.Ad-Hoc|x86.ActiveCfg = Debug|Any CPU
		{3464D3E0-83E8-44A2-BC1A-F248D293931C}.Ad-Hoc|x86.Build.0 = Debug|Any CPU
		{3464D3E0-83E8-44A2-BC1A-F248D293931C}.Ad-Hoc|x86.Deploy.0 = Debug|Any CPU
		{3464D3E0-83E8-44A2-BC1A-F248D293931C}.AppStore|Any CPU.ActiveCfg = Debug|Any CPU
		{3464D3E0-83E8-44A2-BC1A-F248D293931C}.AppStore|Any CPU.Build.0 = Debug|Any CPU
		{3464D3E0-83E8-44A2-BC1A-F248D293931C}.AppStore|Any CPU.Deploy.0 = Debug|Any CPU
		{3464D3E0-83E8-44A2-BC1A-F248D293931C}.AppStore|ARM.ActiveCfg = Debug|Any CPU
		{3464D3E0-83E8-44A2-BC1A-F248D293931C}.AppStore|ARM.Build.0 = Debug|Any CPU
		{3464D3E0-83E8-44A2-BC1A-F248D293931C}.AppStore|ARM.Deploy.0 = Debug|Any CPU
		{3464D3E0-83E8-44A2-BC1A-F248D293931C}.AppStore|iPhone.ActiveCfg = Debug|Any CPU
		{3464D3E0-83E8-44A2-BC1A-F248D293931C}.AppStore|iPhone.Build.0 = Debug|Any CPU
		{3464D3E0-83E8-44A2-BC1A-F248D293931C}.AppStore|iPhone.Deploy.0 = Debug|Any CPU
		{3464D3E0-83E8-44A2-BC1A-F248D293931C}.AppStore|iPhoneSimulator.ActiveCfg = Debug|Any CPU
		{3464D3E0-83E8-44A2-BC1A-F248D293931C}.AppStore|iPhoneSimulator.Build.0 = Debug|Any CPU
		{3464D3E0-83E8-44A2-BC1A-F248D293931C}.AppStore|iPhoneSimulator.Deploy.0 = Debug|Any CPU
		{3464D3E0-83E8-44A2-BC1A-F248D293931C}.AppStore|x64.ActiveCfg = Debug|Any CPU
		{3464D3E0-83E8-44A2-BC1A-F248D293931C}.AppStore|x64.Build.0 = Debug|Any CPU
		{3464D3E0-83E8-44A2-BC1A-F248D293931C}.AppStore|x64.Deploy.0 = Debug|Any CPU
		{3464D3E0-83E8-44A2-BC1A-F248D293931C}.AppStore|x86.ActiveCfg = Debug|Any CPU
		{3464D3E0-83E8-44A2-BC1A-F248D293931C}.AppStore|x86.Build.0 = Debug|Any CPU
		{3464D3E0-83E8-44A2-BC1A-F248D293931C}.AppStore|x86.Deploy.0 = Debug|Any CPU
		{3464D3E0-83E8-44A2-BC1A-F248D293931C}.Debug|Any CPU.ActiveCfg = Debug|Any CPU
		{3464D3E0-83E8-44A2-BC1A-F248D293931C}.Debug|Any CPU.Build.0 = Debug|Any CPU
		{3464D3E0-83E8-44A2-BC1A-F248D293931C}.Debug|Any CPU.Deploy.0 = Debug|Any CPU
		{3464D3E0-83E8-44A2-BC1A-F248D293931C}.Debug|ARM.ActiveCfg = Debug|Any CPU
		{3464D3E0-83E8-44A2-BC1A-F248D293931C}.Debug|ARM.Build.0 = Debug|Any CPU
		{3464D3E0-83E8-44A2-BC1A-F248D293931C}.Debug|ARM.Deploy.0 = Debug|Any CPU
		{3464D3E0-83E8-44A2-BC1A-F248D293931C}.Debug|iPhone.ActiveCfg = Debug|Any CPU
		{3464D3E0-83E8-44A2-BC1A-F248D293931C}.Debug|iPhone.Build.0 = Debug|Any CPU
		{3464D3E0-83E8-44A2-BC1A-F248D293931C}.Debug|iPhone.Deploy.0 = Debug|Any CPU
		{3464D3E0-83E8-44A2-BC1A-F248D293931C}.Debug|iPhoneSimulator.ActiveCfg = Debug|Any CPU
		{3464D3E0-83E8-44A2-BC1A-F248D293931C}.Debug|iPhoneSimulator.Build.0 = Debug|Any CPU
		{3464D3E0-83E8-44A2-BC1A-F248D293931C}.Debug|iPhoneSimulator.Deploy.0 = Debug|Any CPU
		{3464D3E0-83E8-44A2-BC1A-F248D293931C}.Debug|x64.ActiveCfg = Debug|Any CPU
		{3464D3E0-83E8-44A2-BC1A-F248D293931C}.Debug|x64.Build.0 = Debug|Any CPU
		{3464D3E0-83E8-44A2-BC1A-F248D293931C}.Debug|x64.Deploy.0 = Debug|Any CPU
		{3464D3E0-83E8-44A2-BC1A-F248D293931C}.Debug|x86.ActiveCfg = Debug|Any CPU
		{3464D3E0-83E8-44A2-BC1A-F248D293931C}.Debug|x86.Build.0 = Debug|Any CPU
		{3464D3E0-83E8-44A2-BC1A-F248D293931C}.Debug|x86.Deploy.0 = Debug|Any CPU
		{3464D3E0-83E8-44A2-BC1A-F248D293931C}.Release|Any CPU.ActiveCfg = Release|Any CPU
		{3464D3E0-83E8-44A2-BC1A-F248D293931C}.Release|Any CPU.Build.0 = Release|Any CPU
		{3464D3E0-83E8-44A2-BC1A-F248D293931C}.Release|Any CPU.Deploy.0 = Release|Any CPU
		{3464D3E0-83E8-44A2-BC1A-F248D293931C}.Release|ARM.ActiveCfg = Release|Any CPU
		{3464D3E0-83E8-44A2-BC1A-F248D293931C}.Release|ARM.Build.0 = Release|Any CPU
		{3464D3E0-83E8-44A2-BC1A-F248D293931C}.Release|ARM.Deploy.0 = Release|Any CPU
		{3464D3E0-83E8-44A2-BC1A-F248D293931C}.Release|iPhone.ActiveCfg = Release|Any CPU
		{3464D3E0-83E8-44A2-BC1A-F248D293931C}.Release|iPhone.Build.0 = Release|Any CPU
		{3464D3E0-83E8-44A2-BC1A-F248D293931C}.Release|iPhone.Deploy.0 = Release|Any CPU
		{3464D3E0-83E8-44A2-BC1A-F248D293931C}.Release|iPhoneSimulator.ActiveCfg = Release|Any CPU
		{3464D3E0-83E8-44A2-BC1A-F248D293931C}.Release|iPhoneSimulator.Build.0 = Release|Any CPU
		{3464D3E0-83E8-44A2-BC1A-F248D293931C}.Release|iPhoneSimulator.Deploy.0 = Release|Any CPU
		{3464D3E0-83E8-44A2-BC1A-F248D293931C}.Release|x64.ActiveCfg = Release|Any CPU
		{3464D3E0-83E8-44A2-BC1A-F248D293931C}.Release|x64.Build.0 = Release|Any CPU
		{3464D3E0-83E8-44A2-BC1A-F248D293931C}.Release|x64.Deploy.0 = Release|Any CPU
		{3464D3E0-83E8-44A2-BC1A-F248D293931C}.Release|x86.ActiveCfg = Release|Any CPU
		{3464D3E0-83E8-44A2-BC1A-F248D293931C}.Release|x86.Build.0 = Release|Any CPU
		{3464D3E0-83E8-44A2-BC1A-F248D293931C}.Release|x86.Deploy.0 = Release|Any CPU
	EndGlobalSection
	GlobalSection(SolutionProperties) = preSolution
		HideSolutionNode = FALSE
	EndGlobalSection
	GlobalSection(ExtensibilityGlobals) = postSolution
		SolutionGuid = {C92D2514-5CC5-4319-969E-A48D1C223D17}
	EndGlobalSection
EndGlobal
